
Microsoft Visual Studio Solution File, Format Version 11.00
# Visual Basic Express 2010
Project("{F184B08F-C81C-45F6-A57F-5ABD9991F28F}") = "WindowsApplication2", "WindowsApplication2\WindowsApplication2.vbproj", "{ED3074E1-D357-4AC1-98E7-96852DF7F617}"
EndProject
Global
	GlobalSection(SolutionConfigurationPlatforms) = preSolution
		Debug|x86 = Debug|x86
		Release|x86 = Release|x86
	EndGlobalSection
	GlobalSection(ProjectConfigurationPlatforms) = postSolution
		{ED3074E1-D357-4AC1-98E7-96852DF7F617}.Debug|x86.ActiveCfg = Debug|x86
		{ED3074E1-D357-4AC1-98E7-96852DF7F617}.Debug|x86.Build.0 = Debug|x86
		{ED3074E1-D357-4AC1-98E7-96852DF7F617}.Release|x86.ActiveCfg = Release|x86
		{ED3074E1-D357-4AC1-98E7-96852DF7F617}.Release|x86.Build.0 = Release|x86
	EndGlobalSection
	GlobalSection(SolutionProperties) = preSolution
		HideSolutionNode = FALSE
	EndGlobalSection
EndGlobal
